
Microsoft Visual Studio Solution File, Format Version 12.00
# Visual Studio Version 16
VisualStudioVersion = 16.0.29230.47
MinimumVisualStudioVersion = 10.0.40219.1
Project("{F184B08F-C81C-45F6-A57F-5ABD9991F28F}") = "WindowsApp1", "WindowsApp1.vbproj", "{10D58368-B24F-47B7-87F2-934A0D1CCDE5}"
EndProject
Global
	GlobalSection(SolutionConfigurationPlatforms) = preSolution
		Debug|Any CPU = Debug|Any CPU
		Release|Any CPU = Release|Any CPU
	EndGlobalSection
	GlobalSection(ProjectConfigurationPlatforms) = postSolution
		{10D58368-B24F-47B7-87F2-934A0D1CCDE5}.Debug|Any CPU.ActiveCfg = Debug|Any CPU
		{10D58368-B24F-47B7-87F2-934A0D1CCDE5}.Debug|Any CPU.Build.0 = Debug|Any CPU
		{10D58368-B24F-47B7-87F2-934A0D1CCDE5}.Release|Any CPU.ActiveCfg = Release|Any CPU
		{10D58368-B24F-47B7-87F2-934A0D1CCDE5}.Release|Any CPU.Build.0 = Release|Any CPU
	EndGlobalSection
	GlobalSection(SolutionProperties) = preSolution
		HideSolutionNode = FALSE
	EndGlobalSection
	GlobalSection(ExtensibilityGlobals) = postSolution
		SolutionGuid = {76C310F2-4D15-4438-8CCD-0AC4CD378192}
	EndGlobalSection
EndGlobal
