
Microsoft Visual Studio Solution File, Format Version 12.00
# Visual Studio Version 16
VisualStudioVersion = 16.0.29209.62
MinimumVisualStudioVersion = 10.0.40219.1
Project("{F184B08F-C81C-45F6-A57F-5ABD9991F28F}") = "ASG1-5", "ASG1-5.vbproj", "{F2BD8B2C-67F4-4782-A017-5BECC1725D57}"
EndProject
Global
	GlobalSection(SolutionConfigurationPlatforms) = preSolution
		Debug|Any CPU = Debug|Any CPU
		Release|Any CPU = Release|Any CPU
	EndGlobalSection
	GlobalSection(ProjectConfigurationPlatforms) = postSolution
		{F2BD8B2C-67F4-4782-A017-5BECC1725D57}.Debug|Any CPU.ActiveCfg = Debug|Any CPU
		{F2BD8B2C-67F4-4782-A017-5BECC1725D57}.Debug|Any CPU.Build.0 = Debug|Any CPU
		{F2BD8B2C-67F4-4782-A017-5BECC1725D57}.Release|Any CPU.ActiveCfg = Release|Any CPU
		{F2BD8B2C-67F4-4782-A017-5BECC1725D57}.Release|Any CPU.Build.0 = Release|Any CPU
	EndGlobalSection
	GlobalSection(SolutionProperties) = preSolution
		HideSolutionNode = FALSE
	EndGlobalSection
	GlobalSection(ExtensibilityGlobals) = postSolution
		SolutionGuid = {53B117CB-614B-4E99-B552-73CE3E6CC743}
	EndGlobalSection
EndGlobal
